
Microsoft Visual Studio Solution File, Format Version 12.00
# Visual Studio Version 16
VisualStudioVersion = 25.0.1706.6
MinimumVisualStudioVersion = 10.0.40219.1
Project("{FAE04EC0-301F-11D3-BF4B-00C04F79EFBC}") = "easyflight-mvc-dotnet-razor", "easyflight-mvc-dotnet-razor.csproj", "{F69FE2EE-EA6B-4A55-BC9A-8A3D2B1C1210}"
EndProject
Global
	GlobalSection(SolutionConfigurationPlatforms) = preSolution
		Debug|Any CPU = Debug|Any CPU
		Release|Any CPU = Release|Any CPU
	EndGlobalSection
	GlobalSection(ProjectConfigurationPlatforms) = postSolution
		{F69FE2EE-EA6B-4A55-BC9A-8A3D2B1C1210}.Debug|Any CPU.ActiveCfg = Debug|Any CPU
		{F69FE2EE-EA6B-4A55-BC9A-8A3D2B1C1210}.Debug|Any CPU.Build.0 = Debug|Any CPU
		{F69FE2EE-EA6B-4A55-BC9A-8A3D2B1C1210}.Release|Any CPU.ActiveCfg = Release|Any CPU
		{F69FE2EE-EA6B-4A55-BC9A-8A3D2B1C1210}.Release|Any CPU.Build.0 = Release|Any CPU
	EndGlobalSection
	GlobalSection(SolutionProperties) = preSolution
		HideSolutionNode = FALSE
	EndGlobalSection
	GlobalSection(ExtensibilityGlobals) = postSolution
		SolutionGuid = {F8AFA79C-FB09-477F-8F84-9A3736D53D18}
	EndGlobalSection
EndGlobal
